// !$*UTF8*$!
{
	archiveVersion = 1;
	classes = {
	};
	objectVersion = 46;
	objects = {

/* Begin PBXBuildFile section */
		1D60589F0D05DD5A006BFB54 /* Foundation.framework in Frameworks */ = {isa = PBXBuildFile; fileRef = 1D30AB110D05D00D00671497 /* Foundation.framework */; };
		1DF5F4E00D08C38300B7A737 /* UIKit.framework in Frameworks */ = {isa = PBXBuildFile; fileRef = 1DF5F4DF0D08C38300B7A737 /* UIKit.framework */; };
		2057AFE0A456F3E2C01E07B8 /* ofxBatchDownloader.cpp in Sources */ = {isa = PBXBuildFile; fileRef = E01EE22DA06A86BE99948744 /* ofxBatchDownloader.cpp */; };
		288765FD0DF74451002DB57D /* CoreGraphics.framework in Frameworks */ = {isa = PBXBuildFile; fileRef = 288765FC0DF74451002DB57D /* CoreGraphics.framework */; };
		522FFFB6EB3DA57CCB07EF9A /* stb_truetype.c in Sources */ = {isa = PBXBuildFile; fileRef = DC55FEC740DD28FBDD2D4406 /* stb_truetype.c */; };
		5326AEA810A23A0500278DE6 /* CoreLocation.framework in Frameworks */ = {isa = PBXBuildFile; fileRef = 5326AEA710A23A0500278DE6 /* CoreLocation.framework */; };
		53F323EB10A20EDB00E0DAE4 /* OpenAL.framework in Frameworks */ = {isa = PBXBuildFile; fileRef = 53F323EA10A20EDB00E0DAE4 /* OpenAL.framework */; };
		5A479B04DF062DE7431FD3BF /* ofUnicode.cpp in Sources */ = {isa = PBXBuildFile; fileRef = BF3CACAAE84A581E4AFA9FA7 /* ofUnicode.cpp */; };
		678E130817951530005B6D19 /* Icon@2x.png in Resources */ = {isa = PBXBuildFile; fileRef = 678E130717951530005B6D19 /* Icon@2x.png */; };
		678E130A17951536005B6D19 /* Icon.png in Resources */ = {isa = PBXBuildFile; fileRef = 678E130917951536005B6D19 /* Icon.png */; };
		678E130C1795153C005B6D19 /* Default.png in Resources */ = {isa = PBXBuildFile; fileRef = 678E130B1795153C005B6D19 /* Default.png */; };
		678E130E17951540005B6D19 /* Default@2x.png in Resources */ = {isa = PBXBuildFile; fileRef = 678E130D17951540005B6D19 /* Default@2x.png */; };
		678E131017951549005B6D19 /* Default-568h@2x~iphone.png in Resources */ = {isa = PBXBuildFile; fileRef = 678E130F17951549005B6D19 /* Default-568h@2x~iphone.png */; };
		67DFA53619F92A69003B3434 /* Accelerate.framework in Frameworks */ = {isa = PBXBuildFile; fileRef = 67DFA53419F92A5E003B3434 /* Accelerate.framework */; };
		72A6CA9CEAFA1527B18D37B6 /* ofxDownloadCentral.cpp in Sources */ = {isa = PBXBuildFile; fileRef = E292FED4978C6C9E54FF4165 /* ofxDownloadCentral.cpp */; };
		75A2D700AC2F5D27B0ED2F59 /* ofxSimpleHttp.cpp in Sources */ = {isa = PBXBuildFile; fileRef = C4AF34767E69AE73F353FEA9 /* ofxSimpleHttp.cpp */; };
		7B388D550037229D99E7F52A /* ofxFontStash.cpp in Sources */ = {isa = PBXBuildFile; fileRef = D8A535D3474A0EAB684CAC5D /* ofxFontStash.cpp */; };
		801397981E78A4CBDE809376 /* fontstash.c in Sources */ = {isa = PBXBuildFile; fileRef = D5AE78144E3980BD0B4445D7 /* fontstash.c */; };
		AD7CCE180C5BEF646A1B62E1 /* ofUTF8.cpp in Sources */ = {isa = PBXBuildFile; fileRef = 45FD7CA9F83C2CD563A7A5F4 /* ofUTF8.cpp */; };
		B0F2688D773B5C8FB13237F8 /* ofTextConverter.cpp in Sources */ = {isa = PBXBuildFile; fileRef = 8BF1B7E7C1C21FE45AB73E04 /* ofTextConverter.cpp */; };
		B2AAB2CBB7420755A792C822 /* ofxThreadedImage.cpp in Sources */ = {isa = PBXBuildFile; fileRef = 43A2DE23E744E1715A8303DE /* ofxThreadedImage.cpp */; };
		BB16EBD20F2B2A9500518274 /* OpenGLES.framework in Frameworks */ = {isa = PBXBuildFile; fileRef = BB16EBD10F2B2A9500518274 /* OpenGLES.framework */; };
		BB16EBD90F2B2AB500518274 /* QuartzCore.framework in Frameworks */ = {isa = PBXBuildFile; fileRef = BB16EBD80F2B2AB500518274 /* QuartzCore.framework */; };
		BBE5EAB80F49AD8400F28951 /* AudioToolbox.framework in Frameworks */ = {isa = PBXBuildFile; fileRef = BBE5EAB70F49AD8400F28951 /* AudioToolbox.framework */; };
		E41D400B13B39D2100A75A5D /* AVFoundation.framework in Frameworks */ = {isa = PBXBuildFile; fileRef = E41D400613B39D2100A75A5D /* AVFoundation.framework */; };
		E41D400C13B39D2100A75A5D /* CoreMedia.framework in Frameworks */ = {isa = PBXBuildFile; fileRef = E41D400713B39D2100A75A5D /* CoreMedia.framework */; };
		E41D400D13B39D2100A75A5D /* CoreVideo.framework in Frameworks */ = {isa = PBXBuildFile; fileRef = E41D400813B39D2100A75A5D /* CoreVideo.framework */; };
		E41D400E13B39D2100A75A5D /* MapKit.framework in Frameworks */ = {isa = PBXBuildFile; fileRef = E41D400913B39D2100A75A5D /* MapKit.framework */; };
		E41D421413B3A95300A75A5D /* libofxiOS_iphoneos_Debug.a in Frameworks */ = {isa = PBXBuildFile; fileRef = E41D410213B3A0D800A75A5D /* libofxiOS_iphoneos_Debug.a */; };
		E4D8936E11527B74007E1F53 /* main.mm in Sources */ = {isa = PBXBuildFile; fileRef = E4D8936B11527B74007E1F53 /* main.mm */; };
		E4D8936F11527B74007E1F53 /* ofApp.mm in Sources */ = {isa = PBXBuildFile; fileRef = E4D8936D11527B74007E1F53 /* ofApp.mm */; };
		F49F6204208AF4C3E8E8B9EC /* ofxChecksum.cpp in Sources */ = {isa = PBXBuildFile; fileRef = 1C0AD04D7675CE3CB9D47D57 /* ofxChecksum.cpp */; };
/* End PBXBuildFile section */

/* Begin PBXContainerItemProxy section */
		E41D410113B3A0D800A75A5D /* PBXContainerItemProxy */ = {
			isa = PBXContainerItemProxy;
			containerPortal = E41D40FD13B3A0D800A75A5D /* iOS+OFLib.xcodeproj */;
			proxyType = 2;
			remoteGlobalIDString = BB24DED610DA7A3F00E9C588;
			remoteInfo = "iPhone+OF Static Library";
		};
		E41D410313B3A11300A75A5D /* PBXContainerItemProxy */ = {
			isa = PBXContainerItemProxy;
			containerPortal = E41D40FD13B3A0D800A75A5D /* iOS+OFLib.xcodeproj */;
			proxyType = 1;
			remoteGlobalIDString = BB24DE5C10DA7A3F00E9C588;
			remoteInfo = "iPhone+OF Static Library";
		};
/* End PBXContainerItemProxy section */

/* Begin PBXFileReference section */
		0515C14AC6601810E14A06E9 /* unchecked.h */ = {isa = PBXFileReference; explicitFileType = sourcecode.c.h; fileEncoding = 30; name = unchecked.h; path = ../../../addons/ofxUnicode/libs/utf8cpp/include/utf8/unchecked.h; sourceTree = SOURCE_ROOT; };
		093C39E85E4407D3C432539E /* ofxFontStash.h */ = {isa = PBXFileReference; explicitFileType = sourcecode.c.h; fileEncoding = 30; name = ofxFontStash.h; path = ../../../addons/ofxFontStash/src/ofxFontStash.h; sourceTree = SOURCE_ROOT; };
		11D8E2992E2E3FC07AE1D0E5 /* core.h */ = {isa = PBXFileReference; explicitFileType = sourcecode.c.h; fileEncoding = 30; name = core.h; path = ../../../addons/ofxUnicode/libs/utf8cpp/src/utf8_v2_3_1/source/utf8/core.h; sourceTree = SOURCE_ROOT; };
		1C0AD04D7675CE3CB9D47D57 /* ofxChecksum.cpp */ = {isa = PBXFileReference; explicitFileType = sourcecode.cpp.cpp; fileEncoding = 30; name = ofxChecksum.cpp; path = ../../../addons/ofxSimpleHttp/src/ofxChecksum.cpp; sourceTree = SOURCE_ROOT; };
		1D30AB110D05D00D00671497 /* Foundation.framework */ = {isa = PBXFileReference; lastKnownFileType = wrapper.framework; name = Foundation.framework; path = System/Library/Frameworks/Foundation.framework; sourceTree = SDKROOT; };
		1D6058910D05DD3D006BFB54 /* aStudyOnLightTouches.app */ = {isa = PBXFileReference; explicitFileType = wrapper.application; includeInIndex = 0; path = aStudyOnLightTouches.app; sourceTree = BUILT_PRODUCTS_DIR; };
		1DF5F4DF0D08C38300B7A737 /* UIKit.framework */ = {isa = PBXFileReference; lastKnownFileType = wrapper.framework; name = UIKit.framework; path = System/Library/Frameworks/UIKit.framework; sourceTree = SDKROOT; };
		1EE77CC72B6BF6921CD961C9 /* ofUTF8.h */ = {isa = PBXFileReference; explicitFileType = sourcecode.c.h; fileEncoding = 30; name = ofUTF8.h; path = ../../../addons/ofxUnicode/src/ofUTF8.h; sourceTree = SOURCE_ROOT; };
		26207A0EB54CBAAF59F96A82 /* checked.h */ = {isa = PBXFileReference; explicitFileType = sourcecode.c.h; fileEncoding = 30; name = checked.h; path = ../../../addons/ofxUnicode/libs/utf8cpp/src/utf8_v2_3_1/source/utf8/checked.h; sourceTree = SOURCE_ROOT; };
		288765FC0DF74451002DB57D /* CoreGraphics.framework */ = {isa = PBXFileReference; lastKnownFileType = wrapper.framework; name = CoreGraphics.framework; path = System/Library/Frameworks/CoreGraphics.framework; sourceTree = SDKROOT; };
		2A290CAAF51BCF4C00277C55 /* ofTextConverter.h */ = {isa = PBXFileReference; explicitFileType = sourcecode.c.h; fileEncoding = 30; name = ofTextConverter.h; path = ../../../addons/ofxUnicode/src/ofTextConverter.h; sourceTree = SOURCE_ROOT; };
		2E0D84EF6FDDA146459B2400 /* unchecked.h */ = {isa = PBXFileReference; explicitFileType = sourcecode.c.h; fileEncoding = 30; name = unchecked.h; path = ../../../addons/ofxUnicode/libs/utf8cpp/src/utf8_v2_3_1/source/utf8/unchecked.h; sourceTree = SOURCE_ROOT; };
		320D5EBCA33717CE18A5A084 /* checked.h */ = {isa = PBXFileReference; explicitFileType = sourcecode.c.h; fileEncoding = 30; name = checked.h; path = ../../../addons/ofxUnicode/libs/utf8cpp/include/utf8/checked.h; sourceTree = SOURCE_ROOT; };
		32CA4F630368D1EE00C91783 /* ofxiOS_Prefix.pch */ = {isa = PBXFileReference; fileEncoding = 4; lastKnownFileType = sourcecode.c.h; path = ofxiOS_Prefix.pch; sourceTree = "<group>"; };
		43A2DE23E744E1715A8303DE /* ofxThreadedImage.cpp */ = {isa = PBXFileReference; explicitFileType = sourcecode.cpp.cpp; fileEncoding = 30; name = ofxThreadedImage.cpp; path = ../../../addons/ofxThreadedImage/src/ofxThreadedImage.cpp; sourceTree = SOURCE_ROOT; };
		45FD7CA9F83C2CD563A7A5F4 /* ofUTF8.cpp */ = {isa = PBXFileReference; explicitFileType = sourcecode.cpp.cpp; fileEncoding = 30; name = ofUTF8.cpp; path = ../../../addons/ofxUnicode/src/ofUTF8.cpp; sourceTree = SOURCE_ROOT; };
		5326AEA710A23A0500278DE6 /* CoreLocation.framework */ = {isa = PBXFileReference; lastKnownFileType = wrapper.framework; name = CoreLocation.framework; path = System/Library/Frameworks/CoreLocation.framework; sourceTree = SDKROOT; };
		53F323EA10A20EDB00E0DAE4 /* OpenAL.framework */ = {isa = PBXFileReference; lastKnownFileType = wrapper.framework; name = OpenAL.framework; path = System/Library/Frameworks/OpenAL.framework; sourceTree = SDKROOT; };
		60D80F2B6DD0B2BD8186BADD /* core.h */ = {isa = PBXFileReference; explicitFileType = sourcecode.c.h; fileEncoding = 30; name = core.h; path = ../../../addons/ofxUnicode/libs/utf8cpp/include/utf8/core.h; sourceTree = SOURCE_ROOT; };
		678E130717951530005B6D19 /* Icon@2x.png */ = {isa = PBXFileReference; lastKnownFileType = image.png; name = "Icon@2x.png"; path = "bin/data/Icon@2x.png"; sourceTree = "<group>"; };
		678E130917951536005B6D19 /* Icon.png */ = {isa = PBXFileReference; lastKnownFileType = image.png; name = Icon.png; path = bin/data/Icon.png; sourceTree = "<group>"; };
		678E130B1795153C005B6D19 /* Default.png */ = {isa = PBXFileReference; lastKnownFileType = image.png; name = Default.png; path = bin/data/Default.png; sourceTree = "<group>"; };
		678E130D17951540005B6D19 /* Default@2x.png */ = {isa = PBXFileReference; lastKnownFileType = image.png; name = "Default@2x.png"; path = "bin/data/Default@2x.png"; sourceTree = "<group>"; };
		678E130F17951549005B6D19 /* Default-568h@2x~iphone.png */ = {isa = PBXFileReference; lastKnownFileType = image.png; name = "Default-568h@2x~iphone.png"; path = "bin/data/Default-568h@2x~iphone.png"; sourceTree = "<group>"; };
		67DFA53419F92A5E003B3434 /* Accelerate.framework */ = {isa = PBXFileReference; lastKnownFileType = wrapper.framework; name = Accelerate.framework; path = System/Library/Frameworks/Accelerate.framework; sourceTree = SDKROOT; };
		69A46EE5934DE7F92E46D213 /* ofxSimpleHttp.h */ = {isa = PBXFileReference; explicitFileType = sourcecode.c.h; fileEncoding = 30; name = ofxSimpleHttp.h; path = ../../../addons/ofxSimpleHttp/src/ofxSimpleHttp.h; sourceTree = SOURCE_ROOT; };
		8BF1B7E7C1C21FE45AB73E04 /* ofTextConverter.cpp */ = {isa = PBXFileReference; explicitFileType = sourcecode.cpp.cpp; fileEncoding = 30; name = ofTextConverter.cpp; path = ../../../addons/ofxUnicode/src/ofTextConverter.cpp; sourceTree = SOURCE_ROOT; };
		90FEF196E321582981C8A556 /* ofxBatchDownloader.h */ = {isa = PBXFileReference; explicitFileType = sourcecode.c.h; fileEncoding = 30; name = ofxBatchDownloader.h; path = ../../../addons/ofxSimpleHttp/src/ofxBatchDownloader.h; sourceTree = SOURCE_ROOT; };
		973BD95D5ED93E71B227038E /* utf8.h */ = {isa = PBXFileReference; explicitFileType = sourcecode.c.h; fileEncoding = 30; name = utf8.h; path = ../../../addons/ofxUnicode/libs/utf8cpp/src/utf8_v2_3_1/source/utf8.h; sourceTree = SOURCE_ROOT; };
		9B3F7D0AAB9DF619553ADA1B /* fontstash.h */ = {isa = PBXFileReference; explicitFileType = sourcecode.c.h; fileEncoding = 30; name = fontstash.h; path = ../../../addons/ofxFontStash/libs/fontstash/src/fontstash.h; sourceTree = SOURCE_ROOT; };
		B2063844ABD06B3BCB1F23D5 /* ofUnicode.h */ = {isa = PBXFileReference; explicitFileType = sourcecode.c.h; fileEncoding = 30; name = ofUnicode.h; path = ../../../addons/ofxUnicode/src/ofUnicode.h; sourceTree = SOURCE_ROOT; };
		BB16EBD10F2B2A9500518274 /* OpenGLES.framework */ = {isa = PBXFileReference; lastKnownFileType = wrapper.framework; name = OpenGLES.framework; path = System/Library/Frameworks/OpenGLES.framework; sourceTree = SDKROOT; };
		BB16EBD80F2B2AB500518274 /* QuartzCore.framework */ = {isa = PBXFileReference; lastKnownFileType = wrapper.framework; name = QuartzCore.framework; path = System/Library/Frameworks/QuartzCore.framework; sourceTree = SDKROOT; };
		BB24DDC910DA781C00E9C588 /* ofxiOS-Info.plist */ = {isa = PBXFileReference; fileEncoding = 4; lastKnownFileType = text.plist.xml; path = "ofxiOS-Info.plist"; sourceTree = "<group>"; };
		BB4CC15061F9F141D681A6BF /* ofxDownloadCentral.h */ = {isa = PBXFileReference; explicitFileType = sourcecode.c.h; fileEncoding = 30; name = ofxDownloadCentral.h; path = ../../../addons/ofxSimpleHttp/src/ofxDownloadCentral.h; sourceTree = SOURCE_ROOT; };
		BBE5EAB70F49AD8400F28951 /* AudioToolbox.framework */ = {isa = PBXFileReference; lastKnownFileType = wrapper.framework; name = AudioToolbox.framework; path = System/Library/Frameworks/AudioToolbox.framework; sourceTree = SDKROOT; };
		BD60CFB51C197E6200740D3F /* MacType.h */ = {isa = PBXFileReference; lastKnownFileType = sourcecode.c.h; path = MacType.h; sourceTree = "<group>"; };
		BDA8CA36896AACFB09C55252 /* stb_truetype.h */ = {isa = PBXFileReference; explicitFileType = sourcecode.c.h; fileEncoding = 30; name = stb_truetype.h; path = ../../../addons/ofxFontStash/libs/fontstash/src/stb_truetype.h; sourceTree = SOURCE_ROOT; };
		BF3CACAAE84A581E4AFA9FA7 /* ofUnicode.cpp */ = {isa = PBXFileReference; explicitFileType = sourcecode.cpp.cpp; fileEncoding = 30; name = ofUnicode.cpp; path = ../../../addons/ofxUnicode/src/ofUnicode.cpp; sourceTree = SOURCE_ROOT; };
		C47F3D13394AF636333FB1BD /* ofxChecksum.h */ = {isa = PBXFileReference; explicitFileType = sourcecode.c.h; fileEncoding = 30; name = ofxChecksum.h; path = ../../../addons/ofxSimpleHttp/src/ofxChecksum.h; sourceTree = SOURCE_ROOT; };
		C4AF34767E69AE73F353FEA9 /* ofxSimpleHttp.cpp */ = {isa = PBXFileReference; explicitFileType = sourcecode.cpp.cpp; fileEncoding = 30; name = ofxSimpleHttp.cpp; path = ../../../addons/ofxSimpleHttp/src/ofxSimpleHttp.cpp; sourceTree = SOURCE_ROOT; };
		D5AE78144E3980BD0B4445D7 /* fontstash.c */ = {isa = PBXFileReference; explicitFileType = sourcecode.c.c; fileEncoding = 30; name = fontstash.c; path = ../../../addons/ofxFontStash/libs/fontstash/src/fontstash.c; sourceTree = SOURCE_ROOT; };
		D8A535D3474A0EAB684CAC5D /* ofxFontStash.cpp */ = {isa = PBXFileReference; explicitFileType = sourcecode.cpp.cpp; fileEncoding = 30; name = ofxFontStash.cpp; path = ../../../addons/ofxFontStash/src/ofxFontStash.cpp; sourceTree = SOURCE_ROOT; };
		DC55FEC740DD28FBDD2D4406 /* stb_truetype.c */ = {isa = PBXFileReference; explicitFileType = sourcecode.c.c; fileEncoding = 30; name = stb_truetype.c; path = ../../../addons/ofxFontStash/libs/fontstash/src/stb_truetype.c; sourceTree = SOURCE_ROOT; };
		E01EE22DA06A86BE99948744 /* ofxBatchDownloader.cpp */ = {isa = PBXFileReference; explicitFileType = sourcecode.cpp.cpp; fileEncoding = 30; name = ofxBatchDownloader.cpp; path = ../../../addons/ofxSimpleHttp/src/ofxBatchDownloader.cpp; sourceTree = SOURCE_ROOT; };
		E292FED4978C6C9E54FF4165 /* ofxDownloadCentral.cpp */ = {isa = PBXFileReference; explicitFileType = sourcecode.cpp.cpp; fileEncoding = 30; name = ofxDownloadCentral.cpp; path = ../../../addons/ofxSimpleHttp/src/ofxDownloadCentral.cpp; sourceTree = SOURCE_ROOT; };
		E41D3ED613B38FB500A75A5D /* Project.xcconfig */ = {isa = PBXFileReference; fileEncoding = 4; lastKnownFileType = text.xcconfig; path = Project.xcconfig; sourceTree = "<group>"; };
		E41D3EE513B3906D00A75A5D /* CoreOF.xcconfig */ = {isa = PBXFileReference; fileEncoding = 4; lastKnownFileType = text.xcconfig; name = CoreOF.xcconfig; path = ../../../libs/openFrameworksCompiled/project/ios/CoreOF.xcconfig; sourceTree = SOURCE_ROOT; };
		E41D400613B39D2100A75A5D /* AVFoundation.framework */ = {isa = PBXFileReference; lastKnownFileType = wrapper.framework; name = AVFoundation.framework; path = System/Library/Frameworks/AVFoundation.framework; sourceTree = SDKROOT; };
		E41D400713B39D2100A75A5D /* CoreMedia.framework */ = {isa = PBXFileReference; lastKnownFileType = wrapper.framework; name = CoreMedia.framework; path = System/Library/Frameworks/CoreMedia.framework; sourceTree = SDKROOT; };
		E41D400813B39D2100A75A5D /* CoreVideo.framework */ = {isa = PBXFileReference; lastKnownFileType = wrapper.framework; name = CoreVideo.framework; path = System/Library/Frameworks/CoreVideo.framework; sourceTree = SDKROOT; };
		E41D400913B39D2100A75A5D /* MapKit.framework */ = {isa = PBXFileReference; lastKnownFileType = wrapper.framework; name = MapKit.framework; path = System/Library/Frameworks/MapKit.framework; sourceTree = SDKROOT; };
		E41D40FD13B3A0D800A75A5D /* iOS+OFLib.xcodeproj */ = {isa = PBXFileReference; lastKnownFileType = "wrapper.pb-project"; name = "iOS+OFLib.xcodeproj"; path = "../../../libs/openFrameworksCompiled/project/ios/iOS+OFLib.xcodeproj"; sourceTree = SOURCE_ROOT; };
		E481B94EB3DB83632C513B3A /* ofxAVString.h */ = {isa = PBXFileReference; explicitFileType = sourcecode.c.h; fileEncoding = 30; name = ofxAVString.h; path = ../../../addons/ofxAVString/src/ofxAVString.h; sourceTree = SOURCE_ROOT; };
		E4A823A312561BE3002F86A2 /* CoreGraphics.framework */ = {isa = PBXFileReference; lastKnownFileType = wrapper.framework; name = CoreGraphics.framework; path = System/Library/Frameworks/CoreGraphics.framework; sourceTree = SDKROOT; };
		E4D8936B11527B74007E1F53 /* main.mm */ = {isa = PBXFileReference; fileEncoding = 4; lastKnownFileType = sourcecode.cpp.objcpp; name = main.mm; path = src/main.mm; sourceTree = SOURCE_ROOT; };
		E4D8936C11527B74007E1F53 /* ofApp.h */ = {isa = PBXFileReference; fileEncoding = 4; lastKnownFileType = sourcecode.c.h; name = ofApp.h; path = src/ofApp.h; sourceTree = SOURCE_ROOT; };
		E4D8936D11527B74007E1F53 /* ofApp.mm */ = {isa = PBXFileReference; fileEncoding = 4; lastKnownFileType = sourcecode.cpp.objcpp; name = ofApp.mm; path = src/ofApp.mm; sourceTree = SOURCE_ROOT; };
		E576C84799923A8162703130 /* ofxThreadedImage.h */ = {isa = PBXFileReference; explicitFileType = sourcecode.c.h; fileEncoding = 30; name = ofxThreadedImage.h; path = ../../../addons/ofxThreadedImage/src/ofxThreadedImage.h; sourceTree = SOURCE_ROOT; };
		E8BFFBD7382B36DC6B6B876E /* utf8.h */ = {isa = PBXFileReference; explicitFileType = sourcecode.c.h; fileEncoding = 30; name = utf8.h; path = ../../../addons/ofxUnicode/libs/utf8cpp/include/utf8.h; sourceTree = SOURCE_ROOT; };
/* End PBXFileReference section */

/* Begin PBXFrameworksBuildPhase section */
		1D60588F0D05DD3D006BFB54 /* Frameworks */ = {
			isa = PBXFrameworksBuildPhase;
			buildActionMask = 2147483647;
			files = (
				E41D421413B3A95300A75A5D /* libofxiOS_iphoneos_Debug.a in Frameworks */,
				1D60589F0D05DD5A006BFB54 /* Foundation.framework in Frameworks */,
				1DF5F4E00D08C38300B7A737 /* UIKit.framework in Frameworks */,
				288765FD0DF74451002DB57D /* CoreGraphics.framework in Frameworks */,
				BB16EBD20F2B2A9500518274 /* OpenGLES.framework in Frameworks */,
				BB16EBD90F2B2AB500518274 /* QuartzCore.framework in Frameworks */,
				BBE5EAB80F49AD8400F28951 /* AudioToolbox.framework in Frameworks */,
				53F323EB10A20EDB00E0DAE4 /* OpenAL.framework in Frameworks */,
				5326AEA810A23A0500278DE6 /* CoreLocation.framework in Frameworks */,
				E41D400B13B39D2100A75A5D /* AVFoundation.framework in Frameworks */,
				E41D400C13B39D2100A75A5D /* CoreMedia.framework in Frameworks */,
				E41D400D13B39D2100A75A5D /* CoreVideo.framework in Frameworks */,
				E41D400E13B39D2100A75A5D /* MapKit.framework in Frameworks */,
				67DFA53619F92A69003B3434 /* Accelerate.framework in Frameworks */,
			);
			runOnlyForDeploymentPostprocessing = 0;
		};
/* End PBXFrameworksBuildPhase section */

/* Begin PBXGroup section */
		018A9CEA4D5B5F89F26EADEF /* utf8_v2_3_1 */ = {
			isa = PBXGroup;
			children = (
				D3193A84FE82591D4932AA98 /* source */,
			);
			name = utf8_v2_3_1;
			sourceTree = "<group>";
		};
		19C28FACFE9D520D11CA2CBB /* Products */ = {
			isa = PBXGroup;
			children = (
				1D6058910D05DD3D006BFB54 /* aStudyOnLightTouches.app */,
			);
			name = Products;
			sourceTree = "<group>";
		};
		265EB01CB2D26C99A449B067 /* src */ = {
			isa = PBXGroup;
			children = (
				E01EE22DA06A86BE99948744 /* ofxBatchDownloader.cpp */,
				90FEF196E321582981C8A556 /* ofxBatchDownloader.h */,
				1C0AD04D7675CE3CB9D47D57 /* ofxChecksum.cpp */,
				C47F3D13394AF636333FB1BD /* ofxChecksum.h */,
				E292FED4978C6C9E54FF4165 /* ofxDownloadCentral.cpp */,
				BB4CC15061F9F141D681A6BF /* ofxDownloadCentral.h */,
				C4AF34767E69AE73F353FEA9 /* ofxSimpleHttp.cpp */,
				69A46EE5934DE7F92E46D213 /* ofxSimpleHttp.h */,
			);
			name = src;
			sourceTree = "<group>";
		};
		279497BED3C7A2AE2113B0DD /* src */ = {
			isa = PBXGroup;
			children = (
				43A2DE23E744E1715A8303DE /* ofxThreadedImage.cpp */,
				E576C84799923A8162703130 /* ofxThreadedImage.h */,
			);
			name = src;
			sourceTree = "<group>";
		};
		29B97314FDCFA39411CA2CEA /* CustomTemplate */ = {
			isa = PBXGroup;
			children = (
				BD60CFB51C197E6200740D3F /* MacType.h */,
				678E130917951536005B6D19 /* Icon.png */,
				678E130717951530005B6D19 /* Icon@2x.png */,
				678E130B1795153C005B6D19 /* Default.png */,
				678E130D17951540005B6D19 /* Default@2x.png */,
				678E130F17951549005B6D19 /* Default-568h@2x~iphone.png */,
				E4D8936A11527B74007E1F53 /* src */,
				BB24E1F710DAA51900E9C588 /* openFrameworks */,
				BB16F26B0F2B646B00518274 /* addons */,
				BB16E9930F2B1E5900518274 /* libs */,
				19C28FACFE9D520D11CA2CBB /* Products */,
			);
			name = CustomTemplate;
			sourceTree = "<group>";
		};
		29B97323FDCFA39411CA2CEA /* core frameworks */ = {
			isa = PBXGroup;
			children = (
				E41D400613B39D2100A75A5D /* AVFoundation.framework */,
				E41D400713B39D2100A75A5D /* CoreMedia.framework */,
				E41D400813B39D2100A75A5D /* CoreVideo.framework */,
				E41D400913B39D2100A75A5D /* MapKit.framework */,
				53F323EA10A20EDB00E0DAE4 /* OpenAL.framework */,
				E4A823A312561BE3002F86A2 /* CoreGraphics.framework */,
				BBE5EAB70F49AD8400F28951 /* AudioToolbox.framework */,
				BB16EBD80F2B2AB500518274 /* QuartzCore.framework */,
				BB16EBD10F2B2A9500518274 /* OpenGLES.framework */,
				1DF5F4DF0D08C38300B7A737 /* UIKit.framework */,
				1D30AB110D05D00D00671497 /* Foundation.framework */,
				288765FC0DF74451002DB57D /* CoreGraphics.framework */,
				5326AEA710A23A0500278DE6 /* CoreLocation.framework */,
				67DFA53419F92A5E003B3434 /* Accelerate.framework */,
			);
			name = "core frameworks";
			sourceTree = "<group>";
		};
		2D7E903E52E3720DD664732E /* ofxSimpleHttp */ = {
			isa = PBXGroup;
			children = (
				265EB01CB2D26C99A449B067 /* src */,
			);
			name = ofxSimpleHttp;
			sourceTree = "<group>";
		};
		4C084EBF7CBFDB1868AFF470 /* src */ = {
			isa = PBXGroup;
			children = (
				D5AE78144E3980BD0B4445D7 /* fontstash.c */,
				9B3F7D0AAB9DF619553ADA1B /* fontstash.h */,
				DC55FEC740DD28FBDD2D4406 /* stb_truetype.c */,
				BDA8CA36896AACFB09C55252 /* stb_truetype.h */,
			);
			name = src;
			sourceTree = "<group>";
		};
		6948EE371B920CB800B5AC1A /* local_addons */ = {
			isa = PBXGroup;
			children = (
			);
			name = local_addons;
			sourceTree = "<group>";
		};
		6AC1BBA537347FB96E2D8F8A /* libs */ = {
			isa = PBXGroup;
			children = (
				9CD605EBED2DB8D058CD1A29 /* utf8cpp */,
			);
			name = libs;
			sourceTree = "<group>";
		};
		6E3AE1A5F6F0D6F75C66C1CC /* utf8 */ = {
			isa = PBXGroup;
			children = (
				320D5EBCA33717CE18A5A084 /* checked.h */,
				60D80F2B6DD0B2BD8186BADD /* core.h */,
				0515C14AC6601810E14A06E9 /* unchecked.h */,
			);
			name = utf8;
			sourceTree = "<group>";
		};
		787C5E98195D5F7A798BEDA5 /* libs */ = {
			isa = PBXGroup;
			children = (
				A721EFB518B2BFE659AAD339 /* fontstash */,
			);
			name = libs;
			sourceTree = "<group>";
		};
		799797D97B9EB2888FCCAF1C /* src */ = {
			isa = PBXGroup;
			children = (
				E481B94EB3DB83632C513B3A /* ofxAVString.h */,
			);
			name = src;
			sourceTree = "<group>";
		};
		7FA81D63ED20F798B0E5D868 /* ofxAVString */ = {
			isa = PBXGroup;
			children = (
				799797D97B9EB2888FCCAF1C /* src */,
			);
			name = ofxAVString;
			sourceTree = "<group>";
		};
		884658B2B75923C276F4F180 /* src */ = {
			isa = PBXGroup;
			children = (
				018A9CEA4D5B5F89F26EADEF /* utf8_v2_3_1 */,
			);
			name = src;
			sourceTree = "<group>";
		};
		8E7592A290A78089702B4C95 /* ofxThreadedImage */ = {
			isa = PBXGroup;
			children = (
				279497BED3C7A2AE2113B0DD /* src */,
			);
			name = ofxThreadedImage;
			sourceTree = "<group>";
		};
		9CD605EBED2DB8D058CD1A29 /* utf8cpp */ = {
			isa = PBXGroup;
			children = (
				E928C193989D93F56354A05C /* include */,
				884658B2B75923C276F4F180 /* src */,
			);
			name = utf8cpp;
			sourceTree = "<group>";
		};
		A721EFB518B2BFE659AAD339 /* fontstash */ = {
			isa = PBXGroup;
			children = (
				4C084EBF7CBFDB1868AFF470 /* src */,
			);
			name = fontstash;
			sourceTree = "<group>";
		};
		B55C940C88229BDF2174AE73 /* utf8 */ = {
			isa = PBXGroup;
			children = (
				26207A0EB54CBAAF59F96A82 /* checked.h */,
				11D8E2992E2E3FC07AE1D0E5 /* core.h */,
				2E0D84EF6FDDA146459B2400 /* unchecked.h */,
			);
			name = utf8;
			sourceTree = "<group>";
		};
		B7006DB7785B098B4504962B /* ofxFontStash */ = {
			isa = PBXGroup;
			children = (
				EE9FC485BA17E42108FEDBF5 /* src */,
				787C5E98195D5F7A798BEDA5 /* libs */,
			);
			name = ofxFontStash;
			sourceTree = "<group>";
		};
		BB16E9930F2B1E5900518274 /* libs */ = {
			isa = PBXGroup;
			children = (
				BBE5E94E0F497BD800F28951 /* core */,
			);
			name = libs;
			sourceTree = "<group>";
		};
		BB16F26B0F2B646B00518274 /* addons */ = {
			isa = PBXGroup;
			children = (
				7FA81D63ED20F798B0E5D868 /* ofxAVString */,
				B7006DB7785B098B4504962B /* ofxFontStash */,
				2D7E903E52E3720DD664732E /* ofxSimpleHttp */,
				8E7592A290A78089702B4C95 /* ofxThreadedImage */,
				DC83E36DCD9D09FB0842EE71 /* ofxUnicode */,
			);
			name = addons;
			sourceTree = "<group>";
		};
		BB24E1F710DAA51900E9C588 /* openFrameworks */ = {
			isa = PBXGroup;
			children = (
				E41D40FD13B3A0D800A75A5D /* iOS+OFLib.xcodeproj */,
				32CA4F630368D1EE00C91783 /* ofxiOS_Prefix.pch */,
				BB24DDC910DA781C00E9C588 /* ofxiOS-Info.plist */,
				E41D3EE513B3906D00A75A5D /* CoreOF.xcconfig */,
				6948EE371B920CB800B5AC1A /* local_addons */,
				E41D3ED613B38FB500A75A5D /* Project.xcconfig */,
			);
			name = openFrameworks;
			sourceTree = "<group>";
		};
		BBE5E94E0F497BD800F28951 /* core */ = {
			isa = PBXGroup;
			children = (
				29B97323FDCFA39411CA2CEA /* core frameworks */,
			);
			name = core;
			sourceTree = "<group>";
		};
		D3193A84FE82591D4932AA98 /* source */ = {
			isa = PBXGroup;
			children = (
				B55C940C88229BDF2174AE73 /* utf8 */,
				973BD95D5ED93E71B227038E /* utf8.h */,
			);
			name = source;
			sourceTree = "<group>";
		};
		DC83E36DCD9D09FB0842EE71 /* ofxUnicode */ = {
			isa = PBXGroup;
			children = (
				EDB6E66F21E3A65060CA0833 /* src */,
				6AC1BBA537347FB96E2D8F8A /* libs */,
			);
			name = ofxUnicode;
			sourceTree = "<group>";
		};
		E41D40FE13B3A0D800A75A5D /* Products */ = {
			isa = PBXGroup;
			children = (
				E41D410213B3A0D800A75A5D /* libofxiOS_iphoneos_Debug.a */,
			);
			name = Products;
			sourceTree = "<group>";
		};
		E4D8936A11527B74007E1F53 /* src */ = {
			isa = PBXGroup;
			children = (
				E4D8936B11527B74007E1F53 /* main.mm */,
				E4D8936D11527B74007E1F53 /* ofApp.mm */,
				E4D8936C11527B74007E1F53 /* ofApp.h */,
			);
			path = src;
			sourceTree = SOURCE_ROOT;
		};
		E928C193989D93F56354A05C /* include */ = {
			isa = PBXGroup;
			children = (
				6E3AE1A5F6F0D6F75C66C1CC /* utf8 */,
				E8BFFBD7382B36DC6B6B876E /* utf8.h */,
			);
			name = include;
			sourceTree = "<group>";
		};
		EDB6E66F21E3A65060CA0833 /* src */ = {
			isa = PBXGroup;
			children = (
				8BF1B7E7C1C21FE45AB73E04 /* ofTextConverter.cpp */,
				2A290CAAF51BCF4C00277C55 /* ofTextConverter.h */,
				BF3CACAAE84A581E4AFA9FA7 /* ofUnicode.cpp */,
				B2063844ABD06B3BCB1F23D5 /* ofUnicode.h */,
				45FD7CA9F83C2CD563A7A5F4 /* ofUTF8.cpp */,
				1EE77CC72B6BF6921CD961C9 /* ofUTF8.h */,
			);
			name = src;
			sourceTree = "<group>";
		};
		EE9FC485BA17E42108FEDBF5 /* src */ = {
			isa = PBXGroup;
			children = (
				D8A535D3474A0EAB684CAC5D /* ofxFontStash.cpp */,
				093C39E85E4407D3C432539E /* ofxFontStash.h */,
			);
			name = src;
			sourceTree = "<group>";
		};
/* End PBXGroup section */

/* Begin PBXNativeTarget section */
		1D6058900D05DD3D006BFB54 /* aStudyOnLightTouches */ = {
			isa = PBXNativeTarget;
			buildConfigurationList = 1D6058960D05DD3E006BFB54 /* Build configuration list for PBXNativeTarget "aStudyOnLightTouches" */;
			buildPhases = (
				1D60588D0D05DD3D006BFB54 /* Resources */,
				1D60588E0D05DD3D006BFB54 /* Sources */,
				1D60588F0D05DD3D006BFB54 /* Frameworks */,
				9255DD331112741900D6945E /* ShellScript */,
			);
			buildRules = (
			);
			dependencies = (
				E41D410413B3A11300A75A5D /* PBXTargetDependency */,
			);
			name = aStudyOnLightTouches;
			productName = iPhone;
			productReference = 1D6058910D05DD3D006BFB54 /* aStudyOnLightTouches.app */;
			productType = "com.apple.product-type.application";
		};
/* End PBXNativeTarget section */

/* Begin PBXProject section */
		29B97313FDCFA39411CA2CEA /* Project object */ = {
			isa = PBXProject;
			attributes = {
				LastUpgradeCheck = 0600;
				TargetAttributes = {
					1D6058900D05DD3D006BFB54 = {
						DevelopmentTeam = YTU2J78WE4;
					};
				};
			};
			buildConfigurationList = C01FCF4E08A954540054247B /* Build configuration list for PBXProject "aStudyOnLightTouches" */;
			compatibilityVersion = "Xcode 3.2";
			developmentRegion = English;
			hasScannedForEncodings = 1;
			knownRegions = (
				English,
				Japanese,
				French,
				German,
			);
			mainGroup = 29B97314FDCFA39411CA2CEA /* CustomTemplate */;
			projectDirPath = "";
			projectReferences = (
				{
					ProductGroup = E41D40FE13B3A0D800A75A5D /* Products */;
					ProjectRef = E41D40FD13B3A0D800A75A5D /* iOS+OFLib.xcodeproj */;
				},
			);
			projectRoot = "";
			targets = (
				1D6058900D05DD3D006BFB54 /* aStudyOnLightTouches */,
			);
		};
/* End PBXProject section */

/* Begin PBXReferenceProxy section */
		E41D410213B3A0D800A75A5D /* libofxiOS_iphoneos_Debug.a */ = {
			isa = PBXReferenceProxy;
			fileType = archive.ar;
			path = libofxiOS_iphoneos_Debug.a;
			remoteRef = E41D410113B3A0D800A75A5D /* PBXContainerItemProxy */;
			sourceTree = BUILT_PRODUCTS_DIR;
		};
/* End PBXReferenceProxy section */

/* Begin PBXResourcesBuildPhase section */
		1D60588D0D05DD3D006BFB54 /* Resources */ = {
			isa = PBXResourcesBuildPhase;
			buildActionMask = 2147483647;
			files = (
				678E130817951530005B6D19 /* Icon@2x.png in Resources */,
				678E130A17951536005B6D19 /* Icon.png in Resources */,
				678E130C1795153C005B6D19 /* Default.png in Resources */,
				678E130E17951540005B6D19 /* Default@2x.png in Resources */,
				678E131017951549005B6D19 /* Default-568h@2x~iphone.png in Resources */,
			);
			runOnlyForDeploymentPostprocessing = 0;
		};
/* End PBXResourcesBuildPhase section */

/* Begin PBXShellScriptBuildPhase section */
		9255DD331112741900D6945E /* ShellScript */ = {
			isa = PBXShellScriptBuildPhase;
			buildActionMask = 2147483647;
			files = (
			);
			inputPaths = (
			);
			outputPaths = (
			);
			runOnlyForDeploymentPostprocessing = 0;
			shellPath = /bin/sh;
			shellScript = "rsync -avz --exclude='.DS_Store' \"${SRCROOT}/bin/data/\" \"${TARGET_BUILD_DIR}/${UNLOCALIZED_RESOURCES_FOLDER_PATH}\"";
		};
/* End PBXShellScriptBuildPhase section */

/* Begin PBXSourcesBuildPhase section */
		1D60588E0D05DD3D006BFB54 /* Sources */ = {
			isa = PBXSourcesBuildPhase;
			buildActionMask = 2147483647;
			files = (
				E4D8936E11527B74007E1F53 /* main.mm in Sources */,
				E4D8936F11527B74007E1F53 /* ofApp.mm in Sources */,
				7B388D550037229D99E7F52A /* ofxFontStash.cpp in Sources */,
				801397981E78A4CBDE809376 /* fontstash.c in Sources */,
				522FFFB6EB3DA57CCB07EF9A /* stb_truetype.c in Sources */,
				2057AFE0A456F3E2C01E07B8 /* ofxBatchDownloader.cpp in Sources */,
				F49F6204208AF4C3E8E8B9EC /* ofxChecksum.cpp in Sources */,
				72A6CA9CEAFA1527B18D37B6 /* ofxDownloadCentral.cpp in Sources */,
				75A2D700AC2F5D27B0ED2F59 /* ofxSimpleHttp.cpp in Sources */,
				B2AAB2CBB7420755A792C822 /* ofxThreadedImage.cpp in Sources */,
				B0F2688D773B5C8FB13237F8 /* ofTextConverter.cpp in Sources */,
				5A479B04DF062DE7431FD3BF /* ofUnicode.cpp in Sources */,
				AD7CCE180C5BEF646A1B62E1 /* ofUTF8.cpp in Sources */,
			);
			runOnlyForDeploymentPostprocessing = 0;
		};
/* End PBXSourcesBuildPhase section */

/* Begin PBXTargetDependency section */
		E41D410413B3A11300A75A5D /* PBXTargetDependency */ = {
			isa = PBXTargetDependency;
			name = "iPhone+OF Static Library";
			targetProxy = E41D410313B3A11300A75A5D /* PBXContainerItemProxy */;
		};
/* End PBXTargetDependency section */

/* Begin XCBuildConfiguration section */
		1D6058940D05DD3E006BFB54 /* Debug */ = {
			isa = XCBuildConfiguration;
			buildSettings = {
				ALWAYS_SEARCH_USER_PATHS = NO;
				CODE_SIGN_IDENTITY = "iPhone Developer";
				GCC_PRECOMPILE_PREFIX_HEADER = YES;
				GCC_PREFIX_HEADER = ofxiOS_Prefix.pch;
				"GCC_WARN_64_TO_32_BIT_CONVERSION[arch=*64]" = NO;
				INFOPLIST_FILE = "ofxiOS-Info.plist";
				IPHONEOS_DEPLOYMENT_TARGET = 5.1.1;
				PRODUCT_BUNDLE_IDENTIFIER = com.marcodemutiis.astudyonlighttouches;
				PRODUCT_NAME = "${TARGET_NAME}";
				TARGETED_DEVICE_FAMILY = "1,2";
				VALID_ARCHS = "$(ARCHS_STANDARD)";
			};
			name = Debug;
		};
		1D6058950D05DD3E006BFB54 /* Release */ = {
			isa = XCBuildConfiguration;
			buildSettings = {
				CODE_SIGN_IDENTITY = "iPhone Distribution: marco de mutiis (YTU2J78WE4)";
				"CODE_SIGN_IDENTITY[sdk=iphoneos*]" = "iPhone Distribution: marco de mutiis (YTU2J78WE4)";
				GCC_PRECOMPILE_PREFIX_HEADER = YES;
				GCC_PREFIX_HEADER = ofxiOS_Prefix.pch;
				"GCC_WARN_64_TO_32_BIT_CONVERSION[arch=*64]" = NO;
				INFOPLIST_FILE = "ofxiOS-Info.plist";
				IPHONEOS_DEPLOYMENT_TARGET = 5.1.1;
				PRODUCT_BUNDLE_IDENTIFIER = com.marcodemutiis.astudyonlighttouches;
				PRODUCT_NAME = "${TARGET_NAME}";
				PROVISIONING_PROFILE = "4485ea30-ffb1-4388-8c6f-1a45c3704e1c";
				TARGETED_DEVICE_FAMILY = "1,2";
				VALID_ARCHS = "$(ARCHS_STANDARD)";
			};
			name = Release;
		};
		C01FCF4F08A954540054247B /* Debug */ = {
			isa = XCBuildConfiguration;
			baseConfigurationReference = E41D3ED613B38FB500A75A5D /* Project.xcconfig */;
			buildSettings = {
				ALWAYS_SEARCH_USER_PATHS = YES;
				CLANG_CXX_LIBRARY = "libc++";
				CODE_SIGN_IDENTITY = "";
				"CODE_SIGN_IDENTITY[sdk=iphoneos*]" = "iPhone Developer";
				"CODE_SIGN_IDENTITY[sdk=iphonesimulator*]" = "";
				COMPRESS_PNG_FILES = NO;
				GCC_C_LANGUAGE_STANDARD = c11;
				GCC_OPTIMIZATION_LEVEL = 0;
				GCC_SYMBOLS_PRIVATE_EXTERN = NO;
				"GCC_WARN_64_TO_32_BIT_CONVERSION[arch=*64]" = NO;
				GCC_WARN_ABOUT_INVALID_OFFSETOF_MACRO = NO;
				GCC_WARN_ABOUT_POINTER_SIGNEDNESS = NO;
				GCC_WARN_ABOUT_RETURN_TYPE = YES;
				GCC_WARN_ALLOW_INCOMPLETE_PROTOCOL = NO;
				GCC_WARN_PROTOTYPE_CONVERSION = NO;
				GCC_WARN_UNUSED_VARIABLE = YES;
				HEADER_SEARCH_PATHS = (
					"$(OF_CORE_HEADERS)",
					../../../addons/ofxAVString/src,
					../../../addons/ofxFontStash/libs,
					../../../addons/ofxFontStash/libs/fontstash,
					../../../addons/ofxFontStash/libs/fontstash/src,
					../../../addons/ofxFontStash/src,
					../../../addons/ofxSimpleHttp/src,
					../../../addons/ofxThreadedImage/src,
					../../../addons/ofxUnicode/libs,
					../../../addons/ofxUnicode/libs/utf8cpp,
					../../../addons/ofxUnicode/libs/utf8cpp/include,
					../../../addons/ofxUnicode/libs/utf8cpp/include/utf8,
					../../../addons/ofxUnicode/libs/utf8cpp/src,
					../../../addons/ofxUnicode/libs/utf8cpp/src/utf8_v2_3_1,
					../../../addons/ofxUnicode/libs/utf8cpp/src/utf8_v2_3_1/doc,
					../../../addons/ofxUnicode/libs/utf8cpp/src/utf8_v2_3_1/source,
					../../../addons/ofxUnicode/libs/utf8cpp/src/utf8_v2_3_1/source/utf8,
					../../../addons/ofxUnicode/src,
				);
				IPHONEOS_DEPLOYMENT_TARGET = 5.1.1;
				ONLY_ACTIVE_ARCH = NO;
				"PROVISIONING_PROFILE[sdk=iphoneos*]" = "";
				SDKROOT = iphoneos;
				TARGETED_DEVICE_FAMILY = 1;
				VALID_ARCHS = "$(ARCHS_STANDARD)";
				WARNING_LDFLAGS = "-no_arch_warnings";
			};
			name = Debug;
		};
		C01FCF5008A954540054247B /* Release */ = {
			isa = XCBuildConfiguration;
			baseConfigurationReference = E41D3ED613B38FB500A75A5D /* Project.xcconfig */;
			buildSettings = {
				ALWAYS_SEARCH_USER_PATHS = YES;
				CLANG_CXX_LIBRARY = "libc++";
				CODE_SIGN_IDENTITY = "";
				"CODE_SIGN_IDENTITY[sdk=iphoneos*]" = "iPhone Developer";
				"CODE_SIGN_IDENTITY[sdk=iphonesimulator*]" = "";
				COMPRESS_PNG_FILES = NO;
				GCC_C_LANGUAGE_STANDARD = c11;
				GCC_DYNAMIC_NO_PIC = NO;
				GCC_GENERATE_DEBUGGING_SYMBOLS = NO;
				GCC_OPTIMIZATION_LEVEL = s;
				GCC_SYMBOLS_PRIVATE_EXTERN = NO;
				GCC_THUMB_SUPPORT = NO;
				"GCC_WARN_64_TO_32_BIT_CONVERSION[arch=*64]" = NO;
				GCC_WARN_ABOUT_RETURN_TYPE = YES;
				GCC_WARN_UNUSED_VARIABLE = YES;
				HEADER_SEARCH_PATHS = (
					"$(OF_CORE_HEADERS)",
					../../../addons/ofxAVString/src,
					../../../addons/ofxFontStash/libs,
					../../../addons/ofxFontStash/libs/fontstash,
					../../../addons/ofxFontStash/libs/fontstash/src,
					../../../addons/ofxFontStash/src,
					../../../addons/ofxSimpleHttp/src,
					../../../addons/ofxThreadedImage/src,
					../../../addons/ofxUnicode/libs,
					../../../addons/ofxUnicode/libs/utf8cpp,
					../../../addons/ofxUnicode/libs/utf8cpp/include,
					../../../addons/ofxUnicode/libs/utf8cpp/include/utf8,
					../../../addons/ofxUnicode/libs/utf8cpp/src,
					../../../addons/ofxUnicode/libs/utf8cpp/src/utf8_v2_3_1,
					../../../addons/ofxUnicode/libs/utf8cpp/src/utf8_v2_3_1/doc,
					../../../addons/ofxUnicode/libs/utf8cpp/src/utf8_v2_3_1/source,
					../../../addons/ofxUnicode/libs/utf8cpp/src/utf8_v2_3_1/source/utf8,
					../../../addons/ofxUnicode/src,
				);
				IPHONEOS_DEPLOYMENT_TARGET = 5.1.1;
				ONLY_ACTIVE_ARCH = NO;
				SDKROOT = iphoneos;
				TARGETED_DEVICE_FAMILY = 1;
				VALID_ARCHS = "$(ARCHS_STANDARD)";
				WARNING_LDFLAGS = "-no_arch_warnings";
			};
			name = Release;
		};
/* End XCBuildConfiguration section */

/* Begin XCConfigurationList section */
		1D6058960D05DD3E006BFB54 /* Build configuration list for PBXNativeTarget "aStudyOnLightTouches" */ = {
			isa = XCConfigurationList;
			buildConfigurations = (
				1D6058940D05DD3E006BFB54 /* Debug */,
				1D6058950D05DD3E006BFB54 /* Release */,
			);
			defaultConfigurationIsVisible = 0;
			defaultConfigurationName = Release;
		};
		C01FCF4E08A954540054247B /* Build configuration list for PBXProject "aStudyOnLightTouches" */ = {
			isa = XCConfigurationList;
			buildConfigurations = (
				C01FCF4F08A954540054247B /* Debug */,
				C01FCF5008A954540054247B /* Release */,
			);
			defaultConfigurationIsVisible = 0;
			defaultConfigurationName = Release;
		};
/* End XCConfigurationList section */
	};
	rootObject = 29B97313FDCFA39411CA2CEA /* Project object */;
}
